
Microsoft Visual Studio Solution File, Format Version 12.00
# Visual Studio Version 17
VisualStudioVersion = 17.10.34928.147
MinimumVisualStudioVersion = 10.0.40219.1
Project("{FAE04EC0-301F-11D3-BF4B-00C04F79EFBC}") = "ApiTramasGTPA", "ApiTramasGTPA\ApiTramasGTPA.csproj", "{60D0E71A-3793-4421-B2CF-32FEAFC839FF}"
EndProject
Project("{FAE04EC0-301F-11D3-BF4B-00C04F79EFBC}") = "GTPA.Business", "GTPA.Business\GTPA.Business.csproj", "{463A1F74-10E7-4AC3-8792-85A6E7B9DE4F}"
EndProject
Project("{FAE04EC0-301F-11D3-BF4B-00C04F79EFBC}") = "GTPA.Data", "GTPA.Data\GTPA.Data.csproj", "{D93749BA-1049-4EE9-905E-43E1AAFFAAFA}"
EndProject
Global
	GlobalSection(SolutionConfigurationPlatforms) = preSolution
		Debug|Any CPU = Debug|Any CPU
		Release|Any CPU = Release|Any CPU
	EndGlobalSection
	GlobalSection(ProjectConfigurationPlatforms) = postSolution
		{60D0E71A-3793-4421-B2CF-32FEAFC839FF}.Debug|Any CPU.ActiveCfg = Debug|Any CPU
		{60D0E71A-3793-4421-B2CF-32FEAFC839FF}.Debug|Any CPU.Build.0 = Debug|Any CPU
		{60D0E71A-3793-4421-B2CF-32FEAFC839FF}.Release|Any CPU.ActiveCfg = Release|Any CPU
		{60D0E71A-3793-4421-B2CF-32FEAFC839FF}.Release|Any CPU.Build.0 = Release|Any CPU
		{463A1F74-10E7-4AC3-8792-85A6E7B9DE4F}.Debug|Any CPU.ActiveCfg = Debug|Any CPU
		{463A1F74-10E7-4AC3-8792-85A6E7B9DE4F}.Debug|Any CPU.Build.0 = Debug|Any CPU
		{463A1F74-10E7-4AC3-8792-85A6E7B9DE4F}.Release|Any CPU.ActiveCfg = Release|Any CPU
		{463A1F74-10E7-4AC3-8792-85A6E7B9DE4F}.Release|Any CPU.Build.0 = Release|Any CPU
		{D93749BA-1049-4EE9-905E-43E1AAFFAAFA}.Debug|Any CPU.ActiveCfg = Debug|Any CPU
		{D93749BA-1049-4EE9-905E-43E1AAFFAAFA}.Debug|Any CPU.Build.0 = Debug|Any CPU
		{D93749BA-1049-4EE9-905E-43E1AAFFAAFA}.Release|Any CPU.ActiveCfg = Release|Any CPU
		{D93749BA-1049-4EE9-905E-43E1AAFFAAFA}.Release|Any CPU.Build.0 = Release|Any CPU
	EndGlobalSection
	GlobalSection(SolutionProperties) = preSolution
		HideSolutionNode = FALSE
	EndGlobalSection
	GlobalSection(ExtensibilityGlobals) = postSolution
		SolutionGuid = {61CF641E-EF0B-401F-BAEA-98D9A1FC5D08}
	EndGlobalSection
EndGlobal
